
Microsoft Visual Studio Solution File, Format Version 12.00
# Visual Studio Version 16
VisualStudioVersion = 16.0.30413.136
MinimumVisualStudioVersion = 10.0.40219.1
Project("{9A19103F-16F7-4668-BE54-9A1E7A4F7556}") = "TjuvOchPolis", "TjuvOchPolis\TjuvOchPolis.csproj", "{852C4DA3-073B-4241-A8C1-2D0EB9F08AD0}"
EndProject
Global
	GlobalSection(SolutionConfigurationPlatforms) = preSolution
		Debug|Any CPU = Debug|Any CPU
		Release|Any CPU = Release|Any CPU
	EndGlobalSection
	GlobalSection(ProjectConfigurationPlatforms) = postSolution
		{852C4DA3-073B-4241-A8C1-2D0EB9F08AD0}.Debug|Any CPU.ActiveCfg = Debug|Any CPU
		{852C4DA3-073B-4241-A8C1-2D0EB9F08AD0}.Debug|Any CPU.Build.0 = Debug|Any CPU
		{852C4DA3-073B-4241-A8C1-2D0EB9F08AD0}.Release|Any CPU.ActiveCfg = Release|Any CPU
		{852C4DA3-073B-4241-A8C1-2D0EB9F08AD0}.Release|Any CPU.Build.0 = Release|Any CPU
	EndGlobalSection
	GlobalSection(SolutionProperties) = preSolution
		HideSolutionNode = FALSE
	EndGlobalSection
	GlobalSection(ExtensibilityGlobals) = postSolution
		SolutionGuid = {662B2C24-8D40-47DE-A997-4F669F1306E6}
	EndGlobalSection
EndGlobal
